
Microsoft Visual Studio Solution File, Format Version 12.00
# Visual Studio Version 16
VisualStudioVersion = 16.0.31112.23
MinimumVisualStudioVersion = 10.0.40219.1
Project("{FAE04EC0-301F-11D3-BF4B-00C04F79EFBC}") = "PhotoApp.UWP", "PhotoApp.UWP\PhotoApp.UWP.csproj", "{E364403C-E727-4FF6-9626-451A879DDA4C}"
EndProject
Project("{FAE04EC0-301F-11D3-BF4B-00C04F79EFBC}") = "PhotoApp.Android", "PhotoApp.Android\PhotoApp.Android.csproj", "{48DA2D72-EC97-45B0-ABA2-5EC46BF8D37B}"
EndProject
Project("{FAE04EC0-301F-11D3-BF4B-00C04F79EFBC}") = "PhotoApp.iOS", "PhotoApp.iOS\PhotoApp.iOS.csproj", "{8A116A3E-B294-4A72-B9AD-85505812F2D7}"
EndProject
Project("{FAE04EC0-301F-11D3-BF4B-00C04F79EFBC}") = "PhotoApp", "PhotoApp\PhotoApp.csproj", "{9339FEF3-9415-43D3-8F6E-F385AD397E4C}"
EndProject
Global
	GlobalSection(SolutionConfigurationPlatforms) = preSolution
		Debug|Any CPU = Debug|Any CPU
		Debug|ARM = Debug|ARM
		Debug|iPhone = Debug|iPhone
		Debug|iPhoneSimulator = Debug|iPhoneSimulator
		Debug|x64 = Debug|x64
		Debug|x86 = Debug|x86
		Release|Any CPU = Release|Any CPU
		Release|ARM = Release|ARM
		Release|iPhone = Release|iPhone
		Release|iPhoneSimulator = Release|iPhoneSimulator
		Release|x64 = Release|x64
		Release|x86 = Release|x86
	EndGlobalSection
	GlobalSection(ProjectConfigurationPlatforms) = postSolution
		{E364403C-E727-4FF6-9626-451A879DDA4C}.Debug|Any CPU.ActiveCfg = Debug|x86
		{E364403C-E727-4FF6-9626-451A879DDA4C}.Debug|Any CPU.Build.0 = Debug|x86
		{E364403C-E727-4FF6-9626-451A879DDA4C}.Debug|Any CPU.Deploy.0 = Debug|x86
		{E364403C-E727-4FF6-9626-451A879DDA4C}.Debug|ARM.ActiveCfg = Debug|ARM
		{E364403C-E727-4FF6-9626-451A879DDA4C}.Debug|ARM.Build.0 = Debug|ARM
		{E364403C-E727-4FF6-9626-451A879DDA4C}.Debug|ARM.Deploy.0 = Debug|ARM
		{E364403C-E727-4FF6-9626-451A879DDA4C}.Debug|iPhone.ActiveCfg = Debug|x86
		{E364403C-E727-4FF6-9626-451A879DDA4C}.Debug|iPhone.Build.0 = Debug|x86
		{E364403C-E727-4FF6-9626-451A879DDA4C}.Debug|iPhone.Deploy.0 = Debug|x86
		{E364403C-E727-4FF6-9626-451A879DDA4C}.Debug|iPhoneSimulator.ActiveCfg = Debug|x86
		{E364403C-E727-4FF6-9626-451A879DDA4C}.Debug|iPhoneSimulator.Build.0 = Debug|x86
		{E364403C-E727-4FF6-9626-451A879DDA4C}.Debug|iPhoneSimulator.Deploy.0 = Debug|x86
		{E364403C-E727-4FF6-9626-451A879DDA4C}.Debug|x64.ActiveCfg = Debug|x64
		{E364403C-E727-4FF6-9626-451A879DDA4C}.Debug|x64.Build.0 = Debug|x64
		{E364403C-E727-4FF6-9626-451A879DDA4C}.Debug|x64.Deploy.0 = Debug|x64
		{E364403C-E727-4FF6-9626-451A879DDA4C}.Debug|x86.ActiveCfg = Debug|x86
		{E364403C-E727-4FF6-9626-451A879DDA4C}.Debug|x86.Build.0 = Debug|x86
		{E364403C-E727-4FF6-9626-451A879DDA4C}.Debug|x86.Deploy.0 = Debug|x86
		{E364403C-E727-4FF6-9626-451A879DDA4C}.Release|Any CPU.ActiveCfg = Release|x86
		{E364403C-E727-4FF6-9626-451A879DDA4C}.Release|Any CPU.Build.0 = Release|x86
		{E364403C-E727-4FF6-9626-451A879DDA4C}.Release|Any CPU.Deploy.0 = Release|x86
		{E364403C-E727-4FF6-9626-451A879DDA4C}.Release|ARM.ActiveCfg = Release|ARM
		{E364403C-E727-4FF6-9626-451A879DDA4C}.Release|ARM.Build.0 = Release|ARM
		{E364403C-E727-4FF6-9626-451A879DDA4C}.Release|ARM.Deploy.0 = Release|ARM
		{E364403C-E727-4FF6-9626-451A879DDA4C}.Release|iPhone.ActiveCfg = Release|x86
		{E364403C-E727-4FF6-9626-451A879DDA4C}.Release|iPhone.Build.0 = Release|x86
		{E364403C-E727-4FF6-9626-451A879DDA4C}.Release|iPhone.Deploy.0 = Release|x86
		{E364403C-E727-4FF6-9626-451A879DDA4C}.Release|iPhoneSimulator.ActiveCfg = Release|x86
		{E364403C-E727-4FF6-9626-451A879DDA4C}.Release|iPhoneSimulator.Build.0 = Release|x86
		{E364403C-E727-4FF6-9626-451A879DDA4C}.Release|iPhoneSimulator.Deploy.0 = Release|x86
		{E364403C-E727-4FF6-9626-451A879DDA4C}.Release|x64.ActiveCfg = Release|x64
		{E364403C-E727-4FF6-9626-451A879DDA4C}.Release|x64.Build.0 = Release|x64
		{E364403C-E727-4FF6-9626-451A879DDA4C}.Release|x64.Deploy.0 = Release|x64
		{E364403C-E727-4FF6-9626-451A879DDA4C}.Release|x86.ActiveCfg = Release|x86
		{E364403C-E727-4FF6-9626-451A879DDA4C}.Release|x86.Build.0 = Release|x86
		{E364403C-E727-4FF6-9626-451A879DDA4C}.Release|x86.Deploy.0 = Release|x86
		{48DA2D72-EC97-45B0-ABA2-5EC46BF8D37B}.Debug|Any CPU.ActiveCfg = Debug|Any CPU
		{48DA2D72-EC97-45B0-ABA2-5EC46BF8D37B}.Debug|Any CPU.Build.0 = Debug|Any CPU
		{48DA2D72-EC97-45B0-ABA2-5EC46BF8D37B}.Debug|Any CPU.Deploy.0 = Debug|Any CPU
		{48DA2D72-EC97-45B0-ABA2-5EC46BF8D37B}.Debug|ARM.ActiveCfg = Debug|Any CPU
		{48DA2D72-EC97-45B0-ABA2-5EC46BF8D37B}.Debug|ARM.Build.0 = Debug|Any CPU
		{48DA2D72-EC97-45B0-ABA2-5EC46BF8D37B}.Debug|ARM.Deploy.0 = Debug|Any CPU
		{48DA2D72-EC97-45B0-ABA2-5EC46BF8D37B}.Debug|iPhone.ActiveCfg = Debug|Any CPU
		{48DA2D72-EC97-45B0-ABA2-5EC46BF8D37B}.Debug|iPhone.Build.0 = Debug|Any CPU
		{48DA2D72-EC97-45B0-ABA2-5EC46BF8D37B}.Debug|iPhone.Deploy.0 = Debug|Any CPU
		{48DA2D72-EC97-45B0-ABA2-5EC46BF8D37B}.Debug|iPhoneSimulator.ActiveCfg = Debug|Any CPU
		{48DA2D72-EC97-45B0-ABA2-5EC46BF8D37B}.Debug|iPhoneSimulator.Build.0 = Debug|Any CPU
		{48DA2D72-EC97-45B0-ABA2-5EC46BF8D37B}.Debug|iPhoneSimulator.Deploy.0 = Debug|Any CPU
		{48DA2D72-EC97-45B0-ABA2-5EC46BF8D37B}.Debug|x64.ActiveCfg = Debug|Any CPU
		{48DA2D72-EC97-45B0-ABA2-5EC46BF8D37B}.Debug|x64.Build.0 = Debug|Any CPU
		{48DA2D72-EC97-45B0-ABA2-5EC46BF8D37B}.Debug|x64.Deploy.0 = Debug|Any CPU
		{48DA2D72-EC97-45B0-ABA2-5EC46BF8D37B}.Debug|x86.ActiveCfg = Debug|Any CPU
		{48DA2D72-EC97-45B0-ABA2-5EC46BF8D37B}.Debug|x86.Build.0 = Debug|Any CPU
		{48DA2D72-EC97-45B0-ABA2-5EC46BF8D37B}.Debug|x86.Deploy.0 = Debug|Any CPU
		{48DA2D72-EC97-45B0-ABA2-5EC46BF8D37B}.Release|Any CPU.ActiveCfg = Release|Any CPU
		{48DA2D72-EC97-45B0-ABA2-5EC46BF8D37B}.Release|Any CPU.Build.0 = Release|Any CPU
		{48DA2D72-EC97-45B0-ABA2-5EC46BF8D37B}.Release|Any CPU.Deploy.0 = Release|Any CPU
		{48DA2D72-EC97-45B0-ABA2-5EC46BF8D37B}.Release|ARM.ActiveCfg = Release|Any CPU
		{48DA2D72-EC97-45B0-ABA2-5EC46BF8D37B}.Release|ARM.Build.0 = Release|Any CPU
		{48DA2D72-EC97-45B0-ABA2-5EC46BF8D37B}.Release|ARM.Deploy.0 = Release|Any CPU
		{48DA2D72-EC97-45B0-ABA2-5EC46BF8D37B}.Release|iPhone.ActiveCfg = Release|Any CPU
		{48DA2D72-EC97-45B0-ABA2-5EC46BF8D37B}.Release|iPhone.Build.0 = Release|Any CPU
		{48DA2D72-EC97-45B0-ABA2-5EC46BF8D37B}.Release|iPhone.Deploy.0 = Release|Any CPU
		{48DA2D72-EC97-45B0-ABA2-5EC46BF8D37B}.Release|iPhoneSimulator.ActiveCfg = Release|Any CPU
		{48DA2D72-EC97-45B0-ABA2-5EC46BF8D37B}.Release|iPhoneSimulator.Build.0 = Release|Any CPU
		{48DA2D72-EC97-45B0-ABA2-5EC46BF8D37B}.Release|iPhoneSimulator.Deploy.0 = Release|Any CPU
		{48DA2D72-EC97-45B0-ABA2-5EC46BF8D37B}.Release|x64.ActiveCfg = Release|Any CPU
		{48DA2D72-EC97-45B0-ABA2-5EC46BF8D37B}.Release|x64.Build.0 = Release|Any CPU
		{48DA2D72-EC97-45B0-ABA2-5EC46BF8D37B}.Release|x64.Deploy.0 = Release|Any CPU
		{48DA2D72-EC97-45B0-ABA2-5EC46BF8D37B}.Release|x86.ActiveCfg = Release|Any CPU
		{48DA2D72-EC97-45B0-ABA2-5EC46BF8D37B}.Release|x86.Build.0 = Release|Any CPU
		{48DA2D72-EC97-45B0-ABA2-5EC46BF8D37B}.Release|x86.Deploy.0 = Release|Any CPU
		{8A116A3E-B294-4A72-B9AD-85505812F2D7}.Debug|Any CPU.ActiveCfg = Debug|iPhoneSimulator
		{8A116A3E-B294-4A72-B9AD-85505812F2D7}.Debug|Any CPU.Build.0 = Debug|iPhoneSimulator
		{8A116A3E-B294-4A72-B9AD-85505812F2D7}.Debug|Any CPU.Deploy.0 = Debug|iPhoneSimulator
		{8A116A3E-B294-4A72-B9AD-85505812F2D7}.Debug|ARM.ActiveCfg = Debug|iPhone
		{8A116A3E-B294-4A72-B9AD-85505812F2D7}.Debug|ARM.Build.0 = Debug|iPhone
		{8A116A3E-B294-4A72-B9AD-85505812F2D7}.Debug|ARM.Deploy.0 = Debug|iPhone
		{8A116A3E-B294-4A72-B9AD-85505812F2D7}.Debug|iPhone.ActiveCfg = Debug|iPhone
		{8A116A3E-B294-4A72-B9AD-85505812F2D7}.Debug|iPhone.Build.0 = Debug|iPhone
		{8A116A3E-B294-4A72-B9AD-85505812F2D7}.Debug|iPhone.Deploy.0 = Debug|iPhone
		{8A116A3E-B294-4A72-B9AD-85505812F2D7}.Debug|iPhoneSimulator.ActiveCfg = Debug|iPhoneSimulator
		{8A116A3E-B294-4A72-B9AD-85505812F2D7}.Debug|iPhoneSimulator.Build.0 = Debug|iPhoneSimulator
		{8A116A3E-B294-4A72-B9AD-85505812F2D7}.Debug|iPhoneSimulator.Deploy.0 = Debug|iPhoneSimulator
		{8A116A3E-B294-4A72-B9AD-85505812F2D7}.Debug|x64.ActiveCfg = Debug|iPhoneSimulator
		{8A116A3E-B294-4A72-B9AD-85505812F2D7}.Debug|x64.Build.0 = Debug|iPhoneSimulator
		{8A116A3E-B294-4A72-B9AD-85505812F2D7}.Debug|x64.Deploy.0 = Debug|iPhoneSimulator
		{8A116A3E-B294-4A72-B9AD-85505812F2D7}.Debug|x86.ActiveCfg = Debug|iPhoneSimulator
		{8A116A3E-B294-4A72-B9AD-85505812F2D7}.Debug|x86.Build.0 = Debug|iPhoneSimulator
		{8A116A3E-B294-4A72-B9AD-85505812F2D7}.Debug|x86.Deploy.0 = Debug|iPhoneSimulator
		{8A116A3E-B294-4A72-B9AD-85505812F2D7}.Release|Any CPU.ActiveCfg = Release|iPhoneSimulator
		{8A116A3E-B294-4A72-B9AD-85505812F2D7}.Release|Any CPU.Build.0 = Release|iPhoneSimulator
		{8A116A3E-B294-4A72-B9AD-85505812F2D7}.Release|Any CPU.Deploy.0 = Release|iPhoneSimulator
		{8A116A3E-B294-4A72-B9AD-85505812F2D7}.Release|ARM.ActiveCfg = Release|iPhoneSimulator
		{8A116A3E-B294-4A72-B9AD-85505812F2D7}.Release|ARM.Build.0 = Release|iPhoneSimulator
		{8A116A3E-B294-4A72-B9AD-85505812F2D7}.Release|ARM.Deploy.0 = Release|iPhoneSimulator
		{8A116A3E-B294-4A72-B9AD-85505812F2D7}.Release|iPhone.ActiveCfg = Release|iPhone
		{8A116A3E-B294-4A72-B9AD-85505812F2D7}.Release|iPhone.Build.0 = Release|iPhone
		{8A116A3E-B294-4A72-B9AD-85505812F2D7}.Release|iPhone.Deploy.0 = Release|iPhone
		{8A116A3E-B294-4A72-B9AD-85505812F2D7}.Release|iPhoneSimulator.ActiveCfg = Release|iPhoneSimulator
		{8A116A3E-B294-4A72-B9AD-85505812F2D7}.Release|iPhoneSimulator.Build.0 = Release|iPhoneSimulator
		{8A116A3E-B294-4A72-B9AD-85505812F2D7}.Release|iPhoneSimulator.Deploy.0 = Release|iPhoneSimulator
		{8A116A3E-B294-4A72-B9AD-85505812F2D7}.Release|x64.ActiveCfg = Release|iPhoneSimulator
		{8A116A3E-B294-4A72-B9AD-85505812F2D7}.Release|x64.Build.0 = Release|iPhoneSimulator
		{8A116A3E-B294-4A72-B9AD-85505812F2D7}.Release|x64.Deploy.0 = Release|iPhoneSimulator
		{8A116A3E-B294-4A72-B9AD-85505812F2D7}.Release|x86.ActiveCfg = Release|iPhoneSimulator
		{8A116A3E-B294-4A72-B9AD-85505812F2D7}.Release|x86.Build.0 = Release|iPhoneSimulator
		{8A116A3E-B294-4A72-B9AD-85505812F2D7}.Release|x86.Deploy.0 = Release|iPhoneSimulator
		{9339FEF3-9415-43D3-8F6E-F385AD397E4C}.Debug|Any CPU.ActiveCfg = Debug|Any CPU
		{9339FEF3-9415-43D3-8F6E-F385AD397E4C}.Debug|Any CPU.Build.0 = Debug|Any CPU
		{9339FEF3-9415-43D3-8F6E-F385AD397E4C}.Debug|Any CPU.Deploy.0 = Debug|Any CPU
		{9339FEF3-9415-43D3-8F6E-F385AD397E4C}.Debug|ARM.ActiveCfg = Debug|Any CPU
		{9339FEF3-9415-43D3-8F6E-F385AD397E4C}.Debug|ARM.Build.0 = Debug|Any CPU
		{9339FEF3-9415-43D3-8F6E-F385AD397E4C}.Debug|ARM.Deploy.0 = Debug|Any CPU
		{9339FEF3-9415-43D3-8F6E-F385AD397E4C}.Debug|iPhone.ActiveCfg = Debug|Any CPU
		{9339FEF3-9415-43D3-8F6E-F385AD397E4C}.Debug|iPhone.Build.0 = Debug|Any CPU
		{9339FEF3-9415-43D3-8F6E-F385AD397E4C}.Debug|iPhone.Deploy.0 = Debug|Any CPU
		{9339FEF3-9415-43D3-8F6E-F385AD397E4C}.Debug|iPhoneSimulator.ActiveCfg = Debug|Any CPU
		{9339FEF3-9415-43D3-8F6E-F385AD397E4C}.Debug|iPhoneSimulator.Build.0 = Debug|Any CPU
		{9339FEF3-9415-43D3-8F6E-F385AD397E4C}.Debug|iPhoneSimulator.Deploy.0 = Debug|Any CPU
		{9339FEF3-9415-43D3-8F6E-F385AD397E4C}.Debug|x64.ActiveCfg = Debug|Any CPU
		{9339FEF3-9415-43D3-8F6E-F385AD397E4C}.Debug|x64.Build.0 = Debug|Any CPU
		{9339FEF3-9415-43D3-8F6E-F385AD397E4C}.Debug|x64.Deploy.0 = Debug|Any CPU
		{9339FEF3-9415-43D3-8F6E-F385AD397E4C}.Debug|x86.ActiveCfg = Debug|Any CPU
		{9339FEF3-9415-43D3-8F6E-F385AD397E4C}.Debug|x86.Build.0 = Debug|Any CPU
		{9339FEF3-9415-43D3-8F6E-F385AD397E4C}.Debug|x86.Deploy.0 = Debug|Any CPU
		{9339FEF3-9415-43D3-8F6E-F385AD397E4C}.Release|Any CPU.ActiveCfg = Release|Any CPU
		{9339FEF3-9415-43D3-8F6E-F385AD397E4C}.Release|Any CPU.Build.0 = Release|Any CPU
		{9339FEF3-9415-43D3-8F6E-F385AD397E4C}.Release|Any CPU.Deploy.0 = Release|Any CPU
		{9339FEF3-9415-43D3-8F6E-F385AD397E4C}.Release|ARM.ActiveCfg = Release|Any CPU
		{9339FEF3-9415-43D3-8F6E-F385AD397E4C}.Release|ARM.Build.0 = Release|Any CPU
		{9339FEF3-9415-43D3-8F6E-F385AD397E4C}.Release|ARM.Deploy.0 = Release|Any CPU
		{9339FEF3-9415-43D3-8F6E-F385AD397E4C}.Release|iPhone.ActiveCfg = Release|Any CPU
		{9339FEF3-9415-43D3-8F6E-F385AD397E4C}.Release|iPhone.Build.0 = Release|Any CPU
		{9339FEF3-9415-43D3-8F6E-F385AD397E4C}.Release|iPhone.Deploy.0 = Release|Any CPU
		{9339FEF3-9415-43D3-8F6E-F385AD397E4C}.Release|iPhoneSimulator.ActiveCfg = Release|Any CPU
		{9339FEF3-9415-43D3-8F6E-F385AD397E4C}.Release|iPhoneSimulator.Build.0 = Release|Any CPU
		{9339FEF3-9415-43D3-8F6E-F385AD397E4C}.Release|iPhoneSimulator.Deploy.0 = Release|Any CPU
		{9339FEF3-9415-43D3-8F6E-F385AD397E4C}.Release|x64.ActiveCfg = Release|Any CPU
		{9339FEF3-9415-43D3-8F6E-F385AD397E4C}.Release|x64.Build.0 = Release|Any CPU
		{9339FEF3-9415-43D3-8F6E-F385AD397E4C}.Release|x64.Deploy.0 = Release|Any CPU
		{9339FEF3-9415-43D3-8F6E-F385AD397E4C}.Release|x86.ActiveCfg = Release|Any CPU
		{9339FEF3-9415-43D3-8F6E-F385AD397E4C}.Release|x86.Build.0 = Release|Any CPU
		{9339FEF3-9415-43D3-8F6E-F385AD397E4C}.Release|x86.Deploy.0 = Release|Any CPU
	EndGlobalSection
	GlobalSection(SolutionProperties) = preSolution
		HideSolutionNode = FALSE
	EndGlobalSection
	GlobalSection(ExtensibilityGlobals) = postSolution
		SolutionGuid = {71D1B910-AD1C-4AE2-BBD5-CB119E64B614}
	EndGlobalSection
EndGlobal
